
Microsoft Visual Studio Solution File, Format Version 12.00
# Visual Studio 15
VisualStudioVersion = 15.0.27703.2035
MinimumVisualStudioVersion = 10.0.40219.1
Project("{FAE04EC0-301F-11D3-BF4B-00C04F79EFBC}") = "AdaptiveCardsReleasesHelper", "AdaptiveCardsReleasesHelper\AdaptiveCardsReleasesHelper.csproj", "{FA6864DF-D5B5-4B46-BE3D-BBF9497F3A78}"
EndProject
Global
	GlobalSection(SolutionConfigurationPlatforms) = preSolution
		Debug|Any CPU = Debug|Any CPU
		Release|Any CPU = Release|Any CPU
	EndGlobalSection
	GlobalSection(ProjectConfigurationPlatforms) = postSolution
		{FA6864DF-D5B5-4B46-BE3D-BBF9497F3A78}.Debug|Any CPU.ActiveCfg = Debug|Any CPU
		{FA6864DF-D5B5-4B46-BE3D-BBF9497F3A78}.Debug|Any CPU.Build.0 = Debug|Any CPU
		{FA6864DF-D5B5-4B46-BE3D-BBF9497F3A78}.Release|Any CPU.ActiveCfg = Release|Any CPU
		{FA6864DF-D5B5-4B46-BE3D-BBF9497F3A78}.Release|Any CPU.Build.0 = Release|Any CPU
	EndGlobalSection
	GlobalSection(SolutionProperties) = preSolution
		HideSolutionNode = FALSE
	EndGlobalSection
	GlobalSection(ExtensibilityGlobals) = postSolution
		SolutionGuid = {B74B97AA-CF2A-40B3-82B4-9808A5C02924}
	EndGlobalSection
EndGlobal
